PODS:
  - Expecta (1.0.5)
  - ListrakSDK (0.1.0)
  - Specta (1.0.6)

DEPENDENCIES:
  - Expecta
  - ListrakSDK (from `../`)
  - Specta

EXTERNAL SOURCES:
  ListrakSDK:
    :path: "../"

SPEC CHECKSUMS:
  Expecta: e1c022fcd33910b6be89c291d2775b3fe27a89fe
  ListrakSDK: 23b36212ad93432e123488606b3511158b25d922
  Specta: f506f3a8361de16bc0dcf3b17b75e269072ba465

PODFILE CHECKSUM: e18eebb6fde4ef0ecbd766531ae3399f650556c7

COCOAPODS: 1.2.1
