// !$*UTF8*$!
{
	archiveVersion = 1;
	classes = {
	};
	objectVersion = 46;
	objects = {

/* Begin PBXBuildFile section */
		1B09C881E4CCC7CA4B128704 /* ListrakActivityTests.m in Sources */ = {isa = PBXBuildFile; fileRef = 1B09CAA401134F3FB4A1AC5E /* ListrakActivityTests.m */; };
		1B09CC850F55463068024753 /* ListrakOrderTests.m in Sources */ = {isa = PBXBuildFile; fileRef = 1B09C903BE27CFD9E120D149 /* ListrakOrderTests.m */; };
		3F27397D1EBBAA7500B187F5 /* Account.m in Sources */ = {isa = PBXBuildFile; fileRef = 3F2739761EBBAA7500B187F5 /* Account.m */; };
		3F27397E1EBBAA7500B187F5 /* Cart.m in Sources */ = {isa = PBXBuildFile; fileRef = 3F2739781EBBAA7500B187F5 /* Cart.m */; };
		3F27397F1EBBAA7500B187F5 /* DemoData.m in Sources */ = {isa = PBXBuildFile; fileRef = 3F27397A1EBBAA7500B187F5 /* DemoData.m */; };
		3F2739801EBBAA7500B187F5 /* Product.m in Sources */ = {isa = PBXBuildFile; fileRef = 3F27397C1EBBAA7500B187F5 /* Product.m */; };
		3F2739881EBBAA9100B187F5 /* CartFooterView.m in Sources */ = {isa = PBXBuildFile; fileRef = 3F2739831EBBAA9100B187F5 /* CartFooterView.m */; };
		3F2739891EBBAA9100B187F5 /* CartTableViewCell.m in Sources */ = {isa = PBXBuildFile; fileRef = 3F2739851EBBAA9100B187F5 /* CartTableViewCell.m */; };
		3F27398A1EBBAA9100B187F5 /* ProductTableViewCell.m in Sources */ = {isa = PBXBuildFile; fileRef = 3F2739871EBBAA9100B187F5 /* ProductTableViewCell.m */; };
		3F2739961EBBAAB600B187F5 /* AccountViewController.m in Sources */ = {isa = PBXBuildFile; fileRef = 3F27398D1EBBAAB600B187F5 /* AccountViewController.m */; };
		3F2739971EBBAAB600B187F5 /* CartTableViewController.m in Sources */ = {isa = PBXBuildFile; fileRef = 3F27398F1EBBAAB600B187F5 /* CartTableViewController.m */; };
		3F2739981EBBAAB600B187F5 /* CheckoutViewController.m in Sources */ = {isa = PBXBuildFile; fileRef = 3F2739911EBBAAB600B187F5 /* CheckoutViewController.m */; };
		3F2739991EBBAAB600B187F5 /* ProductDetailViewController.m in Sources */ = {isa = PBXBuildFile; fileRef = 3F2739931EBBAAB600B187F5 /* ProductDetailViewController.m */; };
		3F27399A1EBBAAB600B187F5 /* ProductTableViewController.m in Sources */ = {isa = PBXBuildFile; fileRef = 3F2739951EBBAAB600B187F5 /* ProductTableViewController.m */; };
		3FA2231A1EC10D6C00CCF83B /* ListrakServiceTests.m in Sources */ = {isa = PBXBuildFile; fileRef = 3FA223191EC10D6C00CCF83B /* ListrakServiceTests.m */; };
		3FA2231D1EC10D8B00CCF83B /* ListrakRequestQueueTests.m in Sources */ = {isa = PBXBuildFile; fileRef = 3FA2231C1EC10D8B00CCF83B /* ListrakRequestQueueTests.m */; };
		6003F58E195388D20070C39A /* Foundation.framework in Frameworks */ = {isa = PBXBuildFile; fileRef = 6003F58D195388D20070C39A /* Foundation.framework */; };
		6003F590195388D20070C39A /* CoreGraphics.framework in Frameworks */ = {isa = PBXBuildFile; fileRef = 6003F58F195388D20070C39A /* CoreGraphics.framework */; };
		6003F592195388D20070C39A /* UIKit.framework in Frameworks */ = {isa = PBXBuildFile; fileRef = 6003F591195388D20070C39A /* UIKit.framework */; };
		6003F59A195388D20070C39A /* main.m in Sources */ = {isa = PBXBuildFile; fileRef = 6003F599195388D20070C39A /* main.m */; };
		6003F59E195388D20070C39A /* ListrakAppDelegate.m in Sources */ = {isa = PBXBuildFile; fileRef = 6003F59D195388D20070C39A /* ListrakAppDelegate.m */; };
		6003F5A9195388D20070C39A /* Images.xcassets in Resources */ = {isa = PBXBuildFile; fileRef = 6003F5A8195388D20070C39A /* Images.xcassets */; };
		6003F5B0195388D20070C39A /* XCTest.framework in Frameworks */ = {isa = PBXBuildFile; fileRef = 6003F5AF195388D20070C39A /* XCTest.framework */; };
		6003F5B1195388D20070C39A /* Foundation.framework in Frameworks */ = {isa = PBXBuildFile; fileRef = 6003F58D195388D20070C39A /* Foundation.framework */; };
		6003F5B2195388D20070C39A /* UIKit.framework in Frameworks */ = {isa = PBXBuildFile; fileRef = 6003F591195388D20070C39A /* UIKit.framework */; };
		6003F5BC195388D20070C39A /* ListrakCartTests.m in Sources */ = {isa = PBXBuildFile; fileRef = 6003F5BB195388D20070C39A /* ListrakCartTests.m */; };
		67F9FC0A1EC4B7A88DA12858 /* Pods_ListrakSDK_Tests.framework in Frameworks */ = {isa = PBXBuildFile; fileRef = E2B9305399F9D0697CBFB697 /* Pods_ListrakSDK_Tests.framework */; };
		71719F9F1E33DC2100824A3D /* LaunchScreen.storyboard in Resources */ = {isa = PBXBuildFile; fileRef = 71719F9D1E33DC2100824A3D /* LaunchScreen.storyboard */; };
		873B8AEB1B1F5CCA007FD442 /* Main.storyboard in Resources */ = {isa = PBXBuildFile; fileRef = 873B8AEA1B1F5CCA007FD442 /* Main.storyboard */; };
		BE41A9C753A0CA48E6A0A3AD /* Pods_ListrakSDK_Example.framework in Frameworks */ = {isa = PBXBuildFile; fileRef = 4B401D1E2E403435E6818D83 /* Pods_ListrakSDK_Example.framework */; };
/* End PBXBuildFile section */

/* Begin PBXContainerItemProxy section */
		3FE2A8AB1EBEA40B00E561B7 /* PBXContainerItemProxy */ = {
			isa = PBXContainerItemProxy;
			containerPortal = 6003F582195388D10070C39A /* Project object */;
			proxyType = 1;
			remoteGlobalIDString = 6003F589195388D20070C39A;
			remoteInfo = ListrakSDK_Example;
		};
/* End PBXContainerItemProxy section */

/* Begin PBXFileReference section */
		0504119601F0C1D48721E018 /* Pods-ListrakSDK_Tests.release.xcconfig */ = {isa = PBXFileReference; includeInIndex = 1; lastKnownFileType = text.xcconfig; name = "Pods-ListrakSDK_Tests.release.xcconfig"; path = "Pods/Target Support Files/Pods-ListrakSDK_Tests/Pods-ListrakSDK_Tests.release.xcconfig"; sourceTree = "<group>"; };
		1B09C903BE27CFD9E120D149 /* ListrakOrderTests.m */ = {isa = PBXFileReference; fileEncoding = 4; lastKnownFileType = sourcecode.c.objc; path = ListrakOrderTests.m; sourceTree = "<group>"; };
		1B09CAA401134F3FB4A1AC5E /* ListrakActivityTests.m */ = {isa = PBXFileReference; fileEncoding = 4; lastKnownFileType = sourcecode.c.objc; path = ListrakActivityTests.m; sourceTree = "<group>"; };
		3F2739751EBBAA7500B187F5 /* Account.h */ = {isa = PBXFileReference; fileEncoding = 4; lastKnownFileType = sourcecode.c.h; path = Account.h; sourceTree = "<group>"; };
		3F2739761EBBAA7500B187F5 /* Account.m */ = {isa = PBXFileReference; fileEncoding = 4; lastKnownFileType = sourcecode.c.objc; path = Account.m; sourceTree = "<group>"; };
		3F2739771EBBAA7500B187F5 /* Cart.h */ = {isa = PBXFileReference; fileEncoding = 4; lastKnownFileType = sourcecode.c.h; path = Cart.h; sourceTree = "<group>"; };
		3F2739781EBBAA7500B187F5 /* Cart.m */ = {isa = PBXFileReference; fileEncoding = 4; lastKnownFileType = sourcecode.c.objc; path = Cart.m; sourceTree = "<group>"; };
		3F2739791EBBAA7500B187F5 /* DemoData.h */ = {isa = PBXFileReference; fileEncoding = 4; lastKnownFileType = sourcecode.c.h; path = DemoData.h; sourceTree = "<group>"; };
		3F27397A1EBBAA7500B187F5 /* DemoData.m */ = {isa = PBXFileReference; fileEncoding = 4; lastKnownFileType = sourcecode.c.objc; path = DemoData.m; sourceTree = "<group>"; };
		3F27397B1EBBAA7500B187F5 /* Product.h */ = {isa = PBXFileReference; fileEncoding = 4; lastKnownFileType = sourcecode.c.h; path = Product.h; sourceTree = "<group>"; };
		3F27397C1EBBAA7500B187F5 /* Product.m */ = {isa = PBXFileReference; fileEncoding = 4; lastKnownFileType = sourcecode.c.objc; path = Product.m; sourceTree = "<group>"; };
		3F2739821EBBAA9100B187F5 /* CartFooterView.h */ = {isa = PBXFileReference; fileEncoding = 4; lastKnownFileType = sourcecode.c.h; path = CartFooterView.h; sourceTree = "<group>"; };
		3F2739831EBBAA9100B187F5 /* CartFooterView.m */ = {isa = PBXFileReference; fileEncoding = 4; lastKnownFileType = sourcecode.c.objc; path = CartFooterView.m; sourceTree = "<group>"; };
		3F2739841EBBAA9100B187F5 /* CartTableViewCell.h */ = {isa = PBXFileReference; fileEncoding = 4; lastKnownFileType = sourcecode.c.h; path = CartTableViewCell.h; sourceTree = "<group>"; };
		3F2739851EBBAA9100B187F5 /* CartTableViewCell.m */ = {isa = PBXFileReference; fileEncoding = 4; lastKnownFileType = sourcecode.c.objc; path = CartTableViewCell.m; sourceTree = "<group>"; };
		3F2739861EBBAA9100B187F5 /* ProductTableViewCell.h */ = {isa = PBXFileReference; fileEncoding = 4; lastKnownFileType = sourcecode.c.h; path = ProductTableViewCell.h; sourceTree = "<group>"; };
		3F2739871EBBAA9100B187F5 /* ProductTableViewCell.m */ = {isa = PBXFileReference; fileEncoding = 4; lastKnownFileType = sourcecode.c.objc; path = ProductTableViewCell.m; sourceTree = "<group>"; };
		3F27398C1EBBAAB600B187F5 /* AccountViewController.h */ = {isa = PBXFileReference; fileEncoding = 4; lastKnownFileType = sourcecode.c.h; path = AccountViewController.h; sourceTree = "<group>"; };
		3F27398D1EBBAAB600B187F5 /* AccountViewController.m */ = {isa = PBXFileReference; fileEncoding = 4; lastKnownFileType = sourcecode.c.objc; path = AccountViewController.m; sourceTree = "<group>"; };
		3F27398E1EBBAAB600B187F5 /* CartTableViewController.h */ = {isa = PBXFileReference; fileEncoding = 4; lastKnownFileType = sourcecode.c.h; path = CartTableViewController.h; sourceTree = "<group>"; };
		3F27398F1EBBAAB600B187F5 /* CartTableViewController.m */ = {isa = PBXFileReference; fileEncoding = 4; lastKnownFileType = sourcecode.c.objc; path = CartTableViewController.m; sourceTree = "<group>"; };
		3F2739901EBBAAB600B187F5 /* CheckoutViewController.h */ = {isa = PBXFileReference; fileEncoding = 4; lastKnownFileType = sourcecode.c.h; path = CheckoutViewController.h; sourceTree = "<group>"; };
		3F2739911EBBAAB600B187F5 /* CheckoutViewController.m */ = {isa = PBXFileReference; fileEncoding = 4; lastKnownFileType = sourcecode.c.objc; path = CheckoutViewController.m; sourceTree = "<group>"; };
		3F2739921EBBAAB600B187F5 /* ProductDetailViewController.h */ = {isa = PBXFileReference; fileEncoding = 4; lastKnownFileType = sourcecode.c.h; path = ProductDetailViewController.h; sourceTree = "<group>"; };
		3F2739931EBBAAB600B187F5 /* ProductDetailViewController.m */ = {isa = PBXFileReference; fileEncoding = 4; lastKnownFileType = sourcecode.c.objc; path = ProductDetailViewController.m; sourceTree = "<group>"; };
		3F2739941EBBAAB600B187F5 /* ProductTableViewController.h */ = {isa = PBXFileReference; fileEncoding = 4; lastKnownFileType = sourcecode.c.h; path = ProductTableViewController.h; sourceTree = "<group>"; };
		3F2739951EBBAAB600B187F5 /* ProductTableViewController.m */ = {isa = PBXFileReference; fileEncoding = 4; lastKnownFileType = sourcecode.c.objc; path = ProductTableViewController.m; sourceTree = "<group>"; };
		3FA223191EC10D6C00CCF83B /* ListrakServiceTests.m */ = {isa = PBXFileReference; fileEncoding = 4; lastKnownFileType = sourcecode.c.objc; path = ListrakServiceTests.m; sourceTree = "<group>"; };
		3FA2231C1EC10D8B00CCF83B /* ListrakRequestQueueTests.m */ = {isa = PBXFileReference; fileEncoding = 4; lastKnownFileType = sourcecode.c.objc; path = ListrakRequestQueueTests.m; sourceTree = "<group>"; };
		4B401D1E2E403435E6818D83 /* Pods_ListrakSDK_Example.framework */ = {isa = PBXFileReference; explicitFileType = wrapper.framework; includeInIndex = 0; path = Pods_ListrakSDK_Example.framework; sourceTree = BUILT_PRODUCTS_DIR; };
		502BA0598019CFC364D76108 /* Pods-ListrakSDK_Example.debug.xcconfig */ = {isa = PBXFileReference; includeInIndex = 1; lastKnownFileType = text.xcconfig; name = "Pods-ListrakSDK_Example.debug.xcconfig"; path = "Pods/Target Support Files/Pods-ListrakSDK_Example/Pods-ListrakSDK_Example.debug.xcconfig"; sourceTree = "<group>"; };
		6003F58A195388D20070C39A /* ListrakSDK_Example.app */ = {isa = PBXFileReference; explicitFileType = wrapper.application; includeInIndex = 0; path = ListrakSDK_Example.app; sourceTree = BUILT_PRODUCTS_DIR; };
		6003F58D195388D20070C39A /* Foundation.framework */ = {isa = PBXFileReference; lastKnownFileType = wrapper.framework; name = Foundation.framework; path = System/Library/Frameworks/Foundation.framework; sourceTree = SDKROOT; };
		6003F58F195388D20070C39A /* CoreGraphics.framework */ = {isa = PBXFileReference; lastKnownFileType = wrapper.framework; name = CoreGraphics.framework; path = System/Library/Frameworks/CoreGraphics.framework; sourceTree = SDKROOT; };
		6003F591195388D20070C39A /* UIKit.framework */ = {isa = PBXFileReference; lastKnownFileType = wrapper.framework; name = UIKit.framework; path = System/Library/Frameworks/UIKit.framework; sourceTree = SDKROOT; };
		6003F595195388D20070C39A /* ListrakSDK-Info.plist */ = {isa = PBXFileReference; lastKnownFileType = text.plist.xml; path = "ListrakSDK-Info.plist"; sourceTree = "<group>"; };
		6003F599195388D20070C39A /* main.m */ = {isa = PBXFileReference; lastKnownFileType = sourcecode.c.objc; path = main.m; sourceTree = "<group>"; };
		6003F59B195388D20070C39A /* ListrakSDK-Prefix.pch */ = {isa = PBXFileReference; lastKnownFileType = sourcecode.c.h; path = "ListrakSDK-Prefix.pch"; sourceTree = "<group>"; };
		6003F59C195388D20070C39A /* ListrakAppDelegate.h */ = {isa = PBXFileReference; lastKnownFileType = sourcecode.c.h; path = ListrakAppDelegate.h; sourceTree = "<group>"; };
		6003F59D195388D20070C39A /* ListrakAppDelegate.m */ = {isa = PBXFileReference; lastKnownFileType = sourcecode.c.objc; path = ListrakAppDelegate.m; sourceTree = "<group>"; };
		6003F5A8195388D20070C39A /* Images.xcassets */ = {isa = PBXFileReference; lastKnownFileType = folder.assetcatalog; path = Images.xcassets; sourceTree = "<group>"; };
		6003F5AE195388D20070C39A /* ListrakSDK_Tests.xctest */ = {isa = PBXFileReference; explicitFileType = wrapper.cfbundle; includeInIndex = 0; path = ListrakSDK_Tests.xctest; sourceTree = BUILT_PRODUCTS_DIR; };
		6003F5AF195388D20070C39A /* XCTest.framework */ = {isa = PBXFileReference; lastKnownFileType = wrapper.framework; name = XCTest.framework; path = Library/Frameworks/XCTest.framework; sourceTree = DEVELOPER_DIR; };
		6003F5B7195388D20070C39A /* Tests-Info.plist */ = {isa = PBXFileReference; lastKnownFileType = text.plist.xml; path = "Tests-Info.plist"; sourceTree = "<group>"; };
		6003F5BB195388D20070C39A /* ListrakCartTests.m */ = {isa = PBXFileReference; lastKnownFileType = sourcecode.c.objc; path = ListrakCartTests.m; sourceTree = "<group>"; };
		606FC2411953D9B200FFA9A0 /* Tests-Prefix.pch */ = {isa = PBXFileReference; lastKnownFileType = sourcecode.c.h; path = "Tests-Prefix.pch"; sourceTree = "<group>"; };
		71719F9E1E33DC2100824A3D /* Base */ = {isa = PBXFileReference; lastKnownFileType = file.storyboard; name = Base; path = Base.lproj/LaunchScreen.storyboard; sourceTree = "<group>"; };
		873B8AEA1B1F5CCA007FD442 /* Main.storyboard */ = {isa = PBXFileReference; fileEncoding = 4; lastKnownFileType = file.storyboard; name = Main.storyboard; path = Base.lproj/Main.storyboard; sourceTree = "<group>"; };
		887DB7772B441DA14E39FA5B /* LICENSE */ = {isa = PBXFileReference; includeInIndex = 1; lastKnownFileType = text; name = LICENSE; path = ../LICENSE; sourceTree = "<group>"; };
		8EDCA1291D97E248A9869214 /* ListrakSDK.podspec */ = {isa = PBXFileReference; includeInIndex = 1; lastKnownFileType = text; name = ListrakSDK.podspec; path = ../ListrakSDK.podspec; sourceTree = "<group>"; };
		B682FF7071C98210799BE164 /* Pods-ListrakSDK_Tests.debug.xcconfig */ = {isa = PBXFileReference; includeInIndex = 1; lastKnownFileType = text.xcconfig; name = "Pods-ListrakSDK_Tests.debug.xcconfig"; path = "Pods/Target Support Files/Pods-ListrakSDK_Tests/Pods-ListrakSDK_Tests.debug.xcconfig"; sourceTree = "<group>"; };
		CA1B0C8B520EA491C5D907B4 /* README.md */ = {isa = PBXFileReference; includeInIndex = 1; lastKnownFileType = net.daringfireball.markdown; name = README.md; path = ../README.md; sourceTree = "<group>"; };
		CE878EB621BEFCBE367B6F14 /* Pods-ListrakSDK_Example.release.xcconfig */ = {isa = PBXFileReference; includeInIndex = 1; lastKnownFileType = text.xcconfig; name = "Pods-ListrakSDK_Example.release.xcconfig"; path = "Pods/Target Support Files/Pods-ListrakSDK_Example/Pods-ListrakSDK_Example.release.xcconfig"; sourceTree = "<group>"; };
		E2B9305399F9D0697CBFB697 /* Pods_ListrakSDK_Tests.framework */ = {isa = PBXFileReference; explicitFileType = wrapper.framework; includeInIndex = 0; path = Pods_ListrakSDK_Tests.framework; sourceTree = BUILT_PRODUCTS_DIR; };
/* End PBXFileReference section */

/* Begin PBXFrameworksBuildPhase section */
		6003F587195388D20070C39A /* Frameworks */ = {
			isa = PBXFrameworksBuildPhase;
			buildActionMask = 2147483647;
			files = (
				6003F590195388D20070C39A /* CoreGraphics.framework in Frameworks */,
				6003F592195388D20070C39A /* UIKit.framework in Frameworks */,
				6003F58E195388D20070C39A /* Foundation.framework in Frameworks */,
				BE41A9C753A0CA48E6A0A3AD /* Pods_ListrakSDK_Example.framework in Frameworks */,
			);
			runOnlyForDeploymentPostprocessing = 0;
		};
		6003F5AB195388D20070C39A /* Frameworks */ = {
			isa = PBXFrameworksBuildPhase;
			buildActionMask = 2147483647;
			files = (
				6003F5B0195388D20070C39A /* XCTest.framework in Frameworks */,
				6003F5B2195388D20070C39A /* UIKit.framework in Frameworks */,
				6003F5B1195388D20070C39A /* Foundation.framework in Frameworks */,
				67F9FC0A1EC4B7A88DA12858 /* Pods_ListrakSDK_Tests.framework in Frameworks */,
			);
			runOnlyForDeploymentPostprocessing = 0;
		};
/* End PBXFrameworksBuildPhase section */

/* Begin PBXGroup section */
		3F2739741EBBAA4B00B187F5 /* Models */ = {
			isa = PBXGroup;
			children = (
				3F2739751EBBAA7500B187F5 /* Account.h */,
				3F2739761EBBAA7500B187F5 /* Account.m */,
				3F2739771EBBAA7500B187F5 /* Cart.h */,
				3F2739781EBBAA7500B187F5 /* Cart.m */,
				3F2739791EBBAA7500B187F5 /* DemoData.h */,
				3F27397A1EBBAA7500B187F5 /* DemoData.m */,
				3F27397B1EBBAA7500B187F5 /* Product.h */,
				3F27397C1EBBAA7500B187F5 /* Product.m */,
			);
			path = Models;
			sourceTree = "<group>";
		};
		3F2739811EBBAA8100B187F5 /* Views */ = {
			isa = PBXGroup;
			children = (
				3F2739821EBBAA9100B187F5 /* CartFooterView.h */,
				3F2739831EBBAA9100B187F5 /* CartFooterView.m */,
				3F2739841EBBAA9100B187F5 /* CartTableViewCell.h */,
				3F2739851EBBAA9100B187F5 /* CartTableViewCell.m */,
				3F2739861EBBAA9100B187F5 /* ProductTableViewCell.h */,
				3F2739871EBBAA9100B187F5 /* ProductTableViewCell.m */,
			);
			path = Views;
			sourceTree = "<group>";
		};
		3F27398B1EBBAA9E00B187F5 /* Controllers */ = {
			isa = PBXGroup;
			children = (
				3F27398C1EBBAAB600B187F5 /* AccountViewController.h */,
				3F27398D1EBBAAB600B187F5 /* AccountViewController.m */,
				3F27398E1EBBAAB600B187F5 /* CartTableViewController.h */,
				3F27398F1EBBAAB600B187F5 /* CartTableViewController.m */,
				3F2739901EBBAAB600B187F5 /* CheckoutViewController.h */,
				3F2739911EBBAAB600B187F5 /* CheckoutViewController.m */,
				3F2739921EBBAAB600B187F5 /* ProductDetailViewController.h */,
				3F2739931EBBAAB600B187F5 /* ProductDetailViewController.m */,
				3F2739941EBBAAB600B187F5 /* ProductTableViewController.h */,
				3F2739951EBBAAB600B187F5 /* ProductTableViewController.m */,
			);
			path = Controllers;
			sourceTree = "<group>";
		};
		6003F581195388D10070C39A = {
			isa = PBXGroup;
			children = (
				6003F593195388D20070C39A /* SampleMobileStore */,
				60FF7A9C1954A5C5007DD14C /* Podspec Metadata */,
				6003F5B5195388D20070C39A /* Tests */,
				6003F58C195388D20070C39A /* Frameworks */,
				6003F58B195388D20070C39A /* Products */,
				727F63692FC6CD2D4D66C605 /* Pods */,
			);
			sourceTree = "<group>";
		};
		6003F58B195388D20070C39A /* Products */ = {
			isa = PBXGroup;
			children = (
				6003F58A195388D20070C39A /* ListrakSDK_Example.app */,
				6003F5AE195388D20070C39A /* ListrakSDK_Tests.xctest */,
			);
			name = Products;
			sourceTree = "<group>";
		};
		6003F58C195388D20070C39A /* Frameworks */ = {
			isa = PBXGroup;
			children = (
				6003F58D195388D20070C39A /* Foundation.framework */,
				6003F58F195388D20070C39A /* CoreGraphics.framework */,
				6003F591195388D20070C39A /* UIKit.framework */,
				6003F5AF195388D20070C39A /* XCTest.framework */,
				4B401D1E2E403435E6818D83 /* Pods_ListrakSDK_Example.framework */,
				E2B9305399F9D0697CBFB697 /* Pods_ListrakSDK_Tests.framework */,
			);
			name = Frameworks;
			sourceTree = "<group>";
		};
		6003F593195388D20070C39A /* SampleMobileStore */ = {
			isa = PBXGroup;
			children = (
				6003F5A8195388D20070C39A /* Images.xcassets */,
				6003F594195388D20070C39A /* Supporting Files */,
				3F2739741EBBAA4B00B187F5 /* Models */,
				3F27398B1EBBAA9E00B187F5 /* Controllers */,
				3F2739811EBBAA8100B187F5 /* Views */,
				6003F59C195388D20070C39A /* ListrakAppDelegate.h */,
				6003F59D195388D20070C39A /* ListrakAppDelegate.m */,
				873B8AEA1B1F5CCA007FD442 /* Main.storyboard */,
				71719F9D1E33DC2100824A3D /* LaunchScreen.storyboard */,
			);
			path = SampleMobileStore;
			sourceTree = "<group>";
		};
		6003F594195388D20070C39A /* Supporting Files */ = {
			isa = PBXGroup;
			children = (
				6003F599195388D20070C39A /* main.m */,
				6003F595195388D20070C39A /* ListrakSDK-Info.plist */,
				6003F59B195388D20070C39A /* ListrakSDK-Prefix.pch */,
			);
			name = "Supporting Files";
			sourceTree = "<group>";
		};
		6003F5B5195388D20070C39A /* Tests */ = {
			isa = PBXGroup;
			children = (
				6003F5B6195388D20070C39A /* Supporting Files */,
				6003F5BB195388D20070C39A /* ListrakCartTests.m */,
				1B09C903BE27CFD9E120D149 /* ListrakOrderTests.m */,
				1B09CAA401134F3FB4A1AC5E /* ListrakActivityTests.m */,
				3FA223191EC10D6C00CCF83B /* ListrakServiceTests.m */,
				3FA2231C1EC10D8B00CCF83B /* ListrakRequestQueueTests.m */,
			);
			path = Tests;
			sourceTree = "<group>";
		};
		6003F5B6195388D20070C39A /* Supporting Files */ = {
			isa = PBXGroup;
			children = (
				6003F5B7195388D20070C39A /* Tests-Info.plist */,
				606FC2411953D9B200FFA9A0 /* Tests-Prefix.pch */,
			);
			name = "Supporting Files";
			sourceTree = "<group>";
		};
		60FF7A9C1954A5C5007DD14C /* Podspec Metadata */ = {
			isa = PBXGroup;
			children = (
				8EDCA1291D97E248A9869214 /* ListrakSDK.podspec */,
				CA1B0C8B520EA491C5D907B4 /* README.md */,
				887DB7772B441DA14E39FA5B /* LICENSE */,
			);
			name = "Podspec Metadata";
			sourceTree = "<group>";
		};
		727F63692FC6CD2D4D66C605 /* Pods */ = {
			isa = PBXGroup;
			children = (
				502BA0598019CFC364D76108 /* Pods-ListrakSDK_Example.debug.xcconfig */,
				CE878EB621BEFCBE367B6F14 /* Pods-ListrakSDK_Example.release.xcconfig */,
				B682FF7071C98210799BE164 /* Pods-ListrakSDK_Tests.debug.xcconfig */,
				0504119601F0C1D48721E018 /* Pods-ListrakSDK_Tests.release.xcconfig */,
			);
			name = Pods;
			sourceTree = "<group>";
		};
/* End PBXGroup section */

/* Begin PBXNativeTarget section */
		6003F589195388D20070C39A /* ListrakSDK_Example */ = {
			isa = PBXNativeTarget;
			buildConfigurationList = 6003F5BF195388D20070C39A /* Build configuration list for PBXNativeTarget "ListrakSDK_Example" */;
			buildPhases = (
				50271BF61B4B1134F0F3C633 /* [CP] Check Pods Manifest.lock */,
				6003F586195388D20070C39A /* Sources */,
				6003F587195388D20070C39A /* Frameworks */,
				6003F588195388D20070C39A /* Resources */,
				28DDAA42CBA7FAA4347684C1 /* [CP] Embed Pods Frameworks */,
				7433E59F2308BF74B6C895B7 /* [CP] Copy Pods Resources */,
			);
			buildRules = (
			);
			dependencies = (
			);
			name = ListrakSDK_Example;
			productName = ListrakSDK;
			productReference = 6003F58A195388D20070C39A /* ListrakSDK_Example.app */;
			productType = "com.apple.product-type.application";
		};
		6003F5AD195388D20070C39A /* ListrakSDK_Tests */ = {
			isa = PBXNativeTarget;
			buildConfigurationList = 6003F5C2195388D20070C39A /* Build configuration list for PBXNativeTarget "ListrakSDK_Tests" */;
			buildPhases = (
				FA4DBC2669A5D2EDDA93C4CD /* [CP] Check Pods Manifest.lock */,
				6003F5AA195388D20070C39A /* Sources */,
				6003F5AB195388D20070C39A /* Frameworks */,
				6003F5AC195388D20070C39A /* Resources */,
				CB0D2EB72B7AC5F9BB2C70B4 /* [CP] Embed Pods Frameworks */,
				F7CFE825305B811968613BFB /* [CP] Copy Pods Resources */,
			);
			buildRules = (
			);
			dependencies = (
				3FE2A8AC1EBEA40B00E561B7 /* PBXTargetDependency */,
			);
			name = ListrakSDK_Tests;
			productName = ListrakSDKTests;
			productReference = 6003F5AE195388D20070C39A /* ListrakSDK_Tests.xctest */;
			productType = "com.apple.product-type.bundle.unit-test";
		};
/* End PBXNativeTarget section */

/* Begin PBXProject section */
		6003F582195388D10070C39A /* Project object */ = {
			isa = PBXProject;
			attributes = {
				CLASSPREFIX = Listrak;
				LastUpgradeCheck = 0830;
				ORGANIZATIONNAME = Listrak;
				TargetAttributes = {
					6003F5AD195388D20070C39A = {
						TestTargetID = 6003F589195388D20070C39A;
					};
				};
			};
			buildConfigurationList = 6003F585195388D10070C39A /* Build configuration list for PBXProject "ListrakSDK" */;
			compatibilityVersion = "Xcode 3.2";
			developmentRegion = English;
			hasScannedForEncodings = 0;
			knownRegions = (
				en,
				Base,
			);
			mainGroup = 6003F581195388D10070C39A;
			productRefGroup = 6003F58B195388D20070C39A /* Products */;
			projectDirPath = "";
			projectRoot = "";
			targets = (
				6003F589195388D20070C39A /* ListrakSDK_Example */,
				6003F5AD195388D20070C39A /* ListrakSDK_Tests */,
			);
		};
/* End PBXProject section */

/* Begin PBXResourcesBuildPhase section */
		6003F588195388D20070C39A /* Resources */ = {
			isa = PBXResourcesBuildPhase;
			buildActionMask = 2147483647;
			files = (
				873B8AEB1B1F5CCA007FD442 /* Main.storyboard in Resources */,
				71719F9F1E33DC2100824A3D /* LaunchScreen.storyboard in Resources */,
				6003F5A9195388D20070C39A /* Images.xcassets in Resources */,
			);
			runOnlyForDeploymentPostprocessing = 0;
		};
		6003F5AC195388D20070C39A /* Resources */ = {
			isa = PBXResourcesBuildPhase;
			buildActionMask = 2147483647;
			files = (
			);
			runOnlyForDeploymentPostprocessing = 0;
		};
/* End PBXResourcesBuildPhase section */

/* Begin PBXShellScriptBuildPhase section */
		28DDAA42CBA7FAA4347684C1 /* [CP] Embed Pods Frameworks */ = {
			isa = PBXShellScriptBuildPhase;
			buildActionMask = 2147483647;
			files = (
			);
			inputPaths = (
			);
			name = "[CP] Embed Pods Frameworks";
			outputPaths = (
			);
			runOnlyForDeploymentPostprocessing = 0;
			shellPath = /bin/sh;
			shellScript = "\"${SRCROOT}/Pods/Target Support Files/Pods-ListrakSDK_Example/Pods-ListrakSDK_Example-frameworks.sh\"\n";
			showEnvVarsInLog = 0;
		};
		50271BF61B4B1134F0F3C633 /* [CP] Check Pods Manifest.lock */ = {
			isa = PBXShellScriptBuildPhase;
			buildActionMask = 2147483647;
			files = (
			);
			inputPaths = (
			);
			name = "[CP] Check Pods Manifest.lock";
			outputPaths = (
			);
			runOnlyForDeploymentPostprocessing = 0;
			shellPath = /bin/sh;
			shellScript = "diff \"${PODS_PODFILE_DIR_PATH}/Podfile.lock\" \"${PODS_ROOT}/Manifest.lock\" > /dev/null\nif [ $? != 0 ] ; then\n    # print error to STDERR\n    echo \"error: The sandbox is not in sync with the Podfile.lock. Run 'pod install' or update your CocoaPods installation.\" >&2\n    exit 1\nfi\n";
			showEnvVarsInLog = 0;
		};
		7433E59F2308BF74B6C895B7 /* [CP] Copy Pods Resources */ = {
			isa = PBXShellScriptBuildPhase;
			buildActionMask = 2147483647;
			files = (
			);
			inputPaths = (
			);
			name = "[CP] Copy Pods Resources";
			outputPaths = (
			);
			runOnlyForDeploymentPostprocessing = 0;
			shellPath = /bin/sh;
			shellScript = "\"${SRCROOT}/Pods/Target Support Files/Pods-ListrakSDK_Example/Pods-ListrakSDK_Example-resources.sh\"\n";
			showEnvVarsInLog = 0;
		};
		CB0D2EB72B7AC5F9BB2C70B4 /* [CP] Embed Pods Frameworks */ = {
			isa = PBXShellScriptBuildPhase;
			buildActionMask = 2147483647;
			files = (
			);
			inputPaths = (
			);
			name = "[CP] Embed Pods Frameworks";
			outputPaths = (
			);
			runOnlyForDeploymentPostprocessing = 0;
			shellPath = /bin/sh;
			shellScript = "\"${SRCROOT}/Pods/Target Support Files/Pods-ListrakSDK_Tests/Pods-ListrakSDK_Tests-frameworks.sh\"\n";
			showEnvVarsInLog = 0;
		};
		F7CFE825305B811968613BFB /* [CP] Copy Pods Resources */ = {
			isa = PBXShellScriptBuildPhase;
			buildActionMask = 2147483647;
			files = (
			);
			inputPaths = (
			);
			name = "[CP] Copy Pods Resources";
			outputPaths = (
			);
			runOnlyForDeploymentPostprocessing = 0;
			shellPath = /bin/sh;
			shellScript = "\"${SRCROOT}/Pods/Target Support Files/Pods-ListrakSDK_Tests/Pods-ListrakSDK_Tests-resources.sh\"\n";
			showEnvVarsInLog = 0;
		};
		FA4DBC2669A5D2EDDA93C4CD /* [CP] Check Pods Manifest.lock */ = {
			isa = PBXShellScriptBuildPhase;
			buildActionMask = 2147483647;
			files = (
			);
			inputPaths = (
			);
			name = "[CP] Check Pods Manifest.lock";
			outputPaths = (
			);
			runOnlyForDeploymentPostprocessing = 0;
			shellPath = /bin/sh;
			shellScript = "diff \"${PODS_PODFILE_DIR_PATH}/Podfile.lock\" \"${PODS_ROOT}/Manifest.lock\" > /dev/null\nif [ $? != 0 ] ; then\n    # print error to STDERR\n    echo \"error: The sandbox is not in sync with the Podfile.lock. Run 'pod install' or update your CocoaPods installation.\" >&2\n    exit 1\nfi\n";
			showEnvVarsInLog = 0;
		};
/* End PBXShellScriptBuildPhase section */

/* Begin PBXSourcesBuildPhase section */
		6003F586195388D20070C39A /* Sources */ = {
			isa = PBXSourcesBuildPhase;
			buildActionMask = 2147483647;
			files = (
				3F2739881EBBAA9100B187F5 /* CartFooterView.m in Sources */,
				3F27397D1EBBAA7500B187F5 /* Account.m in Sources */,
				3F27397F1EBBAA7500B187F5 /* DemoData.m in Sources */,
				3F2739891EBBAA9100B187F5 /* CartTableViewCell.m in Sources */,
				3F2739971EBBAAB600B187F5 /* CartTableViewController.m in Sources */,
				3F2739961EBBAAB600B187F5 /* AccountViewController.m in Sources */,
				3F2739991EBBAAB600B187F5 /* ProductDetailViewController.m in Sources */,
				6003F59E195388D20070C39A /* ListrakAppDelegate.m in Sources */,
				3F2739801EBBAA7500B187F5 /* Product.m in Sources */,
				3F27399A1EBBAAB600B187F5 /* ProductTableViewController.m in Sources */,
				3F2739981EBBAAB600B187F5 /* CheckoutViewController.m in Sources */,
				3F27398A1EBBAA9100B187F5 /* ProductTableViewCell.m in Sources */,
				6003F59A195388D20070C39A /* main.m in Sources */,
				3F27397E1EBBAA7500B187F5 /* Cart.m in Sources */,
			);
			runOnlyForDeploymentPostprocessing = 0;
		};
		6003F5AA195388D20070C39A /* Sources */ = {
			isa = PBXSourcesBuildPhase;
			buildActionMask = 2147483647;
			files = (
				6003F5BC195388D20070C39A /* ListrakCartTests.m in Sources */,
				1B09CC850F55463068024753 /* ListrakOrderTests.m in Sources */,
				3FA2231A1EC10D6C00CCF83B /* ListrakServiceTests.m in Sources */,
				3FA2231D1EC10D8B00CCF83B /* ListrakRequestQueueTests.m in Sources */,
				1B09C881E4CCC7CA4B128704 /* ListrakActivityTests.m in Sources */,
			);
			runOnlyForDeploymentPostprocessing = 0;
		};
/* End PBXSourcesBuildPhase section */

/* Begin PBXTargetDependency section */
		3FE2A8AC1EBEA40B00E561B7 /* PBXTargetDependency */ = {
			isa = PBXTargetDependency;
			target = 6003F589195388D20070C39A /* ListrakSDK_Example */;
			targetProxy = 3FE2A8AB1EBEA40B00E561B7 /* PBXContainerItemProxy */;
		};
/* End PBXTargetDependency section */

/* Begin PBXVariantGroup section */
		71719F9D1E33DC2100824A3D /* LaunchScreen.storyboard */ = {
			isa = PBXVariantGroup;
			children = (
				71719F9E1E33DC2100824A3D /* Base */,
			);
			name = LaunchScreen.storyboard;
			sourceTree = "<group>";
		};
/* End PBXVariantGroup section */

/* Begin XCBuildConfiguration section */
		6003F5BD195388D20070C39A /* Debug */ = {
			isa = XCBuildConfiguration;
			buildSettings = {
				ALWAYS_SEARCH_USER_PATHS = NO;
				CLANG_CXX_LANGUAGE_STANDARD = "gnu++0x";
				CLANG_CXX_LIBRARY = "libc++";
				CLANG_ENABLE_MODULES = YES;
				CLANG_ENABLE_OBJC_ARC = YES;
				CLANG_WARN_BOOL_CONVERSION = YES;
				CLANG_WARN_CONSTANT_CONVERSION = YES;
				CLANG_WARN_DIRECT_OBJC_ISA_USAGE = YES_ERROR;
				CLANG_WARN_EMPTY_BODY = YES;
				CLANG_WARN_ENUM_CONVERSION = YES;
				CLANG_WARN_INFINITE_RECURSION = YES;
				CLANG_WARN_INT_CONVERSION = YES;
				CLANG_WARN_OBJC_ROOT_CLASS = YES_ERROR;
				CLANG_WARN_SUSPICIOUS_MOVE = YES;
				CLANG_WARN_UNREACHABLE_CODE = YES;
				CLANG_WARN__DUPLICATE_METHOD_MATCH = YES;
				"CODE_SIGN_IDENTITY[sdk=iphoneos*]" = "iPhone Developer";
				COPY_PHASE_STRIP = NO;
				ENABLE_STRICT_OBJC_MSGSEND = YES;
				ENABLE_TESTABILITY = YES;
				GCC_C_LANGUAGE_STANDARD = gnu99;
				GCC_DYNAMIC_NO_PIC = NO;
				GCC_NO_COMMON_BLOCKS = YES;
				GCC_OPTIMIZATION_LEVEL = 0;
				GCC_PREPROCESSOR_DEFINITIONS = (
					"DEBUG=1",
					"$(inherited)",
				);
				GCC_SYMBOLS_PRIVATE_EXTERN = NO;
				GCC_WARN_64_TO_32_BIT_CONVERSION = YES;
				GCC_WARN_ABOUT_RETURN_TYPE = YES_ERROR;
				GCC_WARN_UNDECLARED_SELECTOR = YES;
				GCC_WARN_UNINITIALIZED_AUTOS = YES_AGGRESSIVE;
				GCC_WARN_UNUSED_FUNCTION = YES;
				GCC_WARN_UNUSED_VARIABLE = YES;
				IPHONEOS_DEPLOYMENT_TARGET = 8.3;
				ONLY_ACTIVE_ARCH = YES;
				SDKROOT = iphoneos;
				TARGETED_DEVICE_FAMILY = "1,2";
			};
			name = Debug;
		};
		6003F5BE195388D20070C39A /* Release */ = {
			isa = XCBuildConfiguration;
			buildSettings = {
				ALWAYS_SEARCH_USER_PATHS = NO;
				CLANG_CXX_LANGUAGE_STANDARD = "gnu++0x";
				CLANG_CXX_LIBRARY = "libc++";
				CLANG_ENABLE_MODULES = YES;
				CLANG_ENABLE_OBJC_ARC = YES;
				CLANG_WARN_BOOL_CONVERSION = YES;
				CLANG_WARN_CONSTANT_CONVERSION = YES;
				CLANG_WARN_DIRECT_OBJC_ISA_USAGE = YES_ERROR;
				CLANG_WARN_EMPTY_BODY = YES;
				CLANG_WARN_ENUM_CONVERSION = YES;
				CLANG_WARN_INFINITE_RECURSION = YES;
				CLANG_WARN_INT_CONVERSION = YES;
				CLANG_WARN_OBJC_ROOT_CLASS = YES_ERROR;
				CLANG_WARN_SUSPICIOUS_MOVE = YES;
				CLANG_WARN_UNREACHABLE_CODE = YES;
				CLANG_WARN__DUPLICATE_METHOD_MATCH = YES;
				"CODE_SIGN_IDENTITY[sdk=iphoneos*]" = "iPhone Developer";
				COPY_PHASE_STRIP = YES;
				ENABLE_NS_ASSERTIONS = NO;
				ENABLE_STRICT_OBJC_MSGSEND = YES;
				GCC_C_LANGUAGE_STANDARD = gnu99;
				GCC_NO_COMMON_BLOCKS = YES;
				GCC_WARN_64_TO_32_BIT_CONVERSION = YES;
				GCC_WARN_ABOUT_RETURN_TYPE = YES_ERROR;
				GCC_WARN_UNDECLARED_SELECTOR = YES;
				GCC_WARN_UNINITIALIZED_AUTOS = YES_AGGRESSIVE;
				GCC_WARN_UNUSED_FUNCTION = YES;
				GCC_WARN_UNUSED_VARIABLE = YES;
				IPHONEOS_DEPLOYMENT_TARGET = 8.3;
				SDKROOT = iphoneos;
				TARGETED_DEVICE_FAMILY = "1,2";
				VALIDATE_PRODUCT = YES;
			};
			name = Release;
		};
		6003F5C0195388D20070C39A /* Debug */ = {
			isa = XCBuildConfiguration;
			baseConfigurationReference = 502BA0598019CFC364D76108 /* Pods-ListrakSDK_Example.debug.xcconfig */;
			buildSettings = {
				ASSETCATALOG_COMPILER_APPICON_NAME = AppIcon;
				GCC_PRECOMPILE_PREFIX_HEADER = YES;
				GCC_PREFIX_HEADER = "SampleMobileStore/ListrakSDK-Prefix.pch";
				INFOPLIST_FILE = "$(SRCROOT)/SampleMobileStore/ListrakSDK-Info.plist";
				MODULE_NAME = SampleMobileStore;
				PRODUCT_BUNDLE_IDENTIFIER = "org.cocoapods.demo.ListrakSDK-SampleMobileStore";
				PRODUCT_NAME = "$(TARGET_NAME)";
				WRAPPER_EXTENSION = app;
			};
			name = Debug;
		};
		6003F5C1195388D20070C39A /* Release */ = {
			isa = XCBuildConfiguration;
			baseConfigurationReference = CE878EB621BEFCBE367B6F14 /* Pods-ListrakSDK_Example.release.xcconfig */;
			buildSettings = {
				ASSETCATALOG_COMPILER_APPICON_NAME = AppIcon;
				GCC_PRECOMPILE_PREFIX_HEADER = YES;
				GCC_PREFIX_HEADER = "SampleMobileStore/ListrakSDK-Prefix.pch";
				INFOPLIST_FILE = "$(SRCROOT)/SampleMobileStore/ListrakSDK-Info.plist";
				MODULE_NAME = SampleMobileStore;
				PRODUCT_BUNDLE_IDENTIFIER = "org.cocoapods.demo.ListrakSDK-SampleMobileStore";
				PRODUCT_NAME = "$(TARGET_NAME)";
				WRAPPER_EXTENSION = app;
			};
			name = Release;
		};
		6003F5C3195388D20070C39A /* Debug */ = {
			isa = XCBuildConfiguration;
			baseConfigurationReference = B682FF7071C98210799BE164 /* Pods-ListrakSDK_Tests.debug.xcconfig */;
			buildSettings = {
				BUNDLE_LOADER = "$(TEST_HOST)";
				FRAMEWORK_SEARCH_PATHS = "${inherited}";
				GCC_PRECOMPILE_PREFIX_HEADER = YES;
				GCC_PREFIX_HEADER = "Tests/Tests-Prefix.pch";
				GCC_PREPROCESSOR_DEFINITIONS = (
					"DEBUG=1",
					"$(inherited)",
				);
				INFOPLIST_FILE = "Tests/Tests-Info.plist";
				OTHER_LDFLAGS = (
					"$(inherited)",
					"-framework",
					"\"Specta\"",
					"-framework",
					"\"ListrakSDK\"",
				);
				PRODUCT_BUNDLE_IDENTIFIER = "org.cocoapods.demo.${PRODUCT_NAME:rfc1034identifier}";
				PRODUCT_NAME = "$(TARGET_NAME)";
				TEST_HOST = "$(BUILT_PRODUCTS_DIR)/ListrakSDK_Example.app/ListrakSDK_Example";
				USER_HEADER_SEARCH_PATHS = "${SRCROOT}/../ListrakSDK/Classes/Internal";
				WRAPPER_EXTENSION = xctest;
			};
			name = Debug;
		};
		6003F5C4195388D20070C39A /* Release */ = {
			isa = XCBuildConfiguration;
			baseConfigurationReference = 0504119601F0C1D48721E018 /* Pods-ListrakSDK_Tests.release.xcconfig */;
			buildSettings = {
				BUNDLE_LOADER = "$(TEST_HOST)";
				FRAMEWORK_SEARCH_PATHS = "${inherited}";
				GCC_PRECOMPILE_PREFIX_HEADER = YES;
				GCC_PREFIX_HEADER = "Tests/Tests-Prefix.pch";
				INFOPLIST_FILE = "Tests/Tests-Info.plist";
				OTHER_LDFLAGS = (
					"$(inherited)",
					"-framework",
					"\"Specta\"",
					"-framework",
					"\"ListrakSDK\"",
				);
				PRODUCT_BUNDLE_IDENTIFIER = "org.cocoapods.demo.${PRODUCT_NAME:rfc1034identifier}";
				PRODUCT_NAME = "$(TARGET_NAME)";
				TEST_HOST = "$(BUILT_PRODUCTS_DIR)/ListrakSDK_Example.app/ListrakSDK_Example";
				USER_HEADER_SEARCH_PATHS = "${SRCROOT}/../ListrakSDK/Classes/Internal";
				WRAPPER_EXTENSION = xctest;
			};
			name = Release;
		};
/* End XCBuildConfiguration section */

/* Begin XCConfigurationList section */
		6003F585195388D10070C39A /* Build configuration list for PBXProject "ListrakSDK" */ = {
			isa = XCConfigurationList;
			buildConfigurations = (
				6003F5BD195388D20070C39A /* Debug */,
				6003F5BE195388D20070C39A /* Release */,
			);
			defaultConfigurationIsVisible = 0;
			defaultConfigurationName = Release;
		};
		6003F5BF195388D20070C39A /* Build configuration list for PBXNativeTarget "ListrakSDK_Example" */ = {
			isa = XCConfigurationList;
			buildConfigurations = (
				6003F5C0195388D20070C39A /* Debug */,
				6003F5C1195388D20070C39A /* Release */,
			);
			defaultConfigurationIsVisible = 0;
			defaultConfigurationName = Release;
		};
		6003F5C2195388D20070C39A /* Build configuration list for PBXNativeTarget "ListrakSDK_Tests" */ = {
			isa = XCConfigurationList;
			buildConfigurations = (
				6003F5C3195388D20070C39A /* Debug */,
				6003F5C4195388D20070C39A /* Release */,
			);
			defaultConfigurationIsVisible = 0;
			defaultConfigurationName = Release;
		};
/* End XCConfigurationList section */
	};
	rootObject = 6003F582195388D10070C39A /* Project object */;
}
